// !$*UTF8*$!
{
	archiveVersion = 1;
	classes = {
	};
	objectVersion = 55;
	objects = {

/* Begin PBXBuildFile section */
		6335965C284A21A600BEF1E5 /* BikeTestProjectApp.swift in Sources */ = {isa = PBXBuildFile; fileRef = 6335965B284A21A600BEF1E5 /* BikeTestProjectApp.swift */; };
		6335965E284A21A600BEF1E5 /* StationListView.swift in Sources */ = {isa = PBXBuildFile; fileRef = 6335965D284A21A600BEF1E5 /* StationListView.swift */; };
		63359660284A21AB00BEF1E5 /* Assets.xcassets in Resources */ = {isa = PBXBuildFile; fileRef = 6335965F284A21AB00BEF1E5 /* Assets.xcassets */; };
		63359663284A21AB00BEF1E5 /* Preview Assets.xcassets in Resources */ = {isa = PBXBuildFile; fileRef = 63359662284A21AB00BEF1E5 /* Preview Assets.xcassets */; };
		6335966A284A28C600BEF1E5 /* StationListCore.swift in Sources */ = {isa = PBXBuildFile; fileRef = 63359669284A28C600BEF1E5 /* StationListCore.swift */; };
		6335966D284A2A7000BEF1E5 /* ComposableArchitecture in Frameworks */ = {isa = PBXBuildFile; productRef = 6335966C284A2A7000BEF1E5 /* ComposableArchitecture */; };
		6335966F284A2F2100BEF1E5 /* NetworkManager.swift in Sources */ = {isa = PBXBuildFile; fileRef = 6335966E284A2F2100BEF1E5 /* NetworkManager.swift */; };
		63C73E05284A7D2E0006B8B9 /* StationJSONModel.swift in Sources */ = {isa = PBXBuildFile; fileRef = 63C73E04284A7D2E0006B8B9 /* StationJSONModel.swift */; };
		63C73E09284A802C0006B8B9 /* StationMapView.swift in Sources */ = {isa = PBXBuildFile; fileRef = 63C73E08284A802B0006B8B9 /* StationMapView.swift */; };
		63C73E0B284A9A460006B8B9 /* Extensions.swift in Sources */ = {isa = PBXBuildFile; fileRef = 63C73E0A284A9A460006B8B9 /* Extensions.swift */; };
		63F508C4284A3F930046905B /* StationCore.swift in Sources */ = {isa = PBXBuildFile; fileRef = 63F508C3284A3F930046905B /* StationCore.swift */; };
		63F508C6284A3FA70046905B /* StationView.swift in Sources */ = {isa = PBXBuildFile; fileRef = 63F508C5284A3FA70046905B /* StationView.swift */; };
/* End PBXBuildFile section */

/* Begin PBXFileReference section */
		63359658284A21A600BEF1E5 /* BikeTestProject.app */ = {isa = PBXFileReference; explicitFileType = wrapper.application; includeInIndex = 0; path = BikeTestProject.app; sourceTree = BUILT_PRODUCTS_DIR; };
		6335965B284A21A600BEF1E5 /* BikeTestProjectApp.swift */ = {isa = PBXFileReference; lastKnownFileType = sourcecode.swift; path = BikeTestProjectApp.swift; sourceTree = "<group>"; };
		6335965D284A21A600BEF1E5 /* StationListView.swift */ = {isa = PBXFileReference; lastKnownFileType = sourcecode.swift; path = StationListView.swift; sourceTree = "<group>"; };
		6335965F284A21AB00BEF1E5 /* Assets.xcassets */ = {isa = PBXFileReference; lastKnownFileType = folder.assetcatalog; path = Assets.xcassets; sourceTree = "<group>"; };
		63359662284A21AB00BEF1E5 /* Preview Assets.xcassets */ = {isa = PBXFileReference; lastKnownFileType = folder.assetcatalog; path = "Preview Assets.xcassets"; sourceTree = "<group>"; };
		63359669284A28C600BEF1E5 /* StationListCore.swift */ = {isa = PBXFileReference; lastKnownFileType = sourcecode.swift; path = StationListCore.swift; sourceTree = "<group>"; };
		6335966E284A2F2100BEF1E5 /* NetworkManager.swift */ = {isa = PBXFileReference; lastKnownFileType = sourcecode.swift; path = NetworkManager.swift; sourceTree = "<group>"; };
		63C73E04284A7D2E0006B8B9 /* StationJSONModel.swift */ = {isa = PBXFileReference; lastKnownFileType = sourcecode.swift; path = StationJSONModel.swift; sourceTree = "<group>"; };
		63C73E08284A802B0006B8B9 /* StationMapView.swift */ = {isa = PBXFileReference; lastKnownFileType = sourcecode.swift; path = StationMapView.swift; sourceTree = "<group>"; };
		63C73E0A284A9A460006B8B9 /* Extensions.swift */ = {isa = PBXFileReference; lastKnownFileType = sourcecode.swift; path = Extensions.swift; sourceTree = "<group>"; };
		63F508C3284A3F930046905B /* StationCore.swift */ = {isa = PBXFileReference; lastKnownFileType = sourcecode.swift; path = StationCore.swift; sourceTree = "<group>"; };
		63F508C5284A3FA70046905B /* StationView.swift */ = {isa = PBXFileReference; lastKnownFileType = sourcecode.swift; path = StationView.swift; sourceTree = "<group>"; };
/* End PBXFileReference section */

/* Begin PBXFrameworksBuildPhase section */
		63359655284A21A600BEF1E5 /* Frameworks */ = {
			isa = PBXFrameworksBuildPhase;
			buildActionMask = 2147483647;
			files = (
				6335966D284A2A7000BEF1E5 /* ComposableArchitecture in Frameworks */,
			);
			runOnlyForDeploymentPostprocessing = 0;
		};
/* End PBXFrameworksBuildPhase section */

/* Begin PBXGroup section */
		6335964F284A21A600BEF1E5 = {
			isa = PBXGroup;
			children = (
				6335965A284A21A600BEF1E5 /* BikeTestProject */,
				63359659284A21A600BEF1E5 /* Products */,
			);
			sourceTree = "<group>";
		};
		63359659284A21A600BEF1E5 /* Products */ = {
			isa = PBXGroup;
			children = (
				63359658284A21A600BEF1E5 /* BikeTestProject.app */,
			);
			name = Products;
			sourceTree = "<group>";
		};
		6335965A284A21A600BEF1E5 /* BikeTestProject */ = {
			isa = PBXGroup;
			children = (
				6335965B284A21A600BEF1E5 /* BikeTestProjectApp.swift */,
				63C73E06284A7E370006B8B9 /* StationList */,
				63C73E07284A7E450006B8B9 /* Station */,
				6335966E284A2F2100BEF1E5 /* NetworkManager.swift */,
				63C73E04284A7D2E0006B8B9 /* StationJSONModel.swift */,
				63C73E08284A802B0006B8B9 /* StationMapView.swift */,
				63C73E0A284A9A460006B8B9 /* Extensions.swift */,
				6335965F284A21AB00BEF1E5 /* Assets.xcassets */,
				63359661284A21AB00BEF1E5 /* Preview Content */,
			);
			path = BikeTestProject;
			sourceTree = "<group>";
		};
		63359661284A21AB00BEF1E5 /* Preview Content */ = {
			isa = PBXGroup;
			children = (
				63359662284A21AB00BEF1E5 /* Preview Assets.xcassets */,
			);
			path = "Preview Content";
			sourceTree = "<group>";
		};
		63C73E06284A7E370006B8B9 /* StationList */ = {
			isa = PBXGroup;
			children = (
				6335965D284A21A600BEF1E5 /* StationListView.swift */,
				63359669284A28C600BEF1E5 /* StationListCore.swift */,
			);
			path = StationList;
			sourceTree = "<group>";
		};
		63C73E07284A7E450006B8B9 /* Station */ = {
			isa = PBXGroup;
			children = (
				63F508C3284A3F930046905B /* StationCore.swift */,
				63F508C5284A3FA70046905B /* StationView.swift */,
			);
			path = Station;
			sourceTree = "<group>";
		};
/* End PBXGroup section */

/* Begin PBXNativeTarget section */
		63359657284A21A600BEF1E5 /* BikeTestProject */ = {
			isa = PBXNativeTarget;
			buildConfigurationList = 63359666284A21AB00BEF1E5 /* Build configuration list for PBXNativeTarget "BikeTestProject" */;
			buildPhases = (
				63359654284A21A600BEF1E5 /* Sources */,
				63359655284A21A600BEF1E5 /* Frameworks */,
				63359656284A21A600BEF1E5 /* Resources */,
			);
			buildRules = (
			);
			dependencies = (
			);
			name = BikeTestProject;
			packageProductDependencies = (
				6335966C284A2A7000BEF1E5 /* ComposableArchitecture */,
			);
			productName = BikeTestProject;
			productReference = 63359658284A21A600BEF1E5 /* BikeTestProject.app */;
			productType = "com.apple.product-type.application";
		};
/* End PBXNativeTarget section */

/* Begin PBXProject section */
		63359650284A21A600BEF1E5 /* Project object */ = {
			isa = PBXProject;
			attributes = {
				BuildIndependentTargetsInParallel = 1;
				LastSwiftUpdateCheck = 1330;
				LastUpgradeCheck = 1330;
				TargetAttributes = {
					63359657284A21A600BEF1E5 = {
						CreatedOnToolsVersion = 13.3;
					};
				};
			};
			buildConfigurationList = 63359653284A21A600BEF1E5 /* Build configuration list for PBXProject "BikeTestProject" */;
			compatibilityVersion = "Xcode 13.0";
			developmentRegion = en;
			hasScannedForEncodings = 0;
			knownRegions = (
				en,
				Base,
			);
			mainGroup = 6335964F284A21A600BEF1E5;
			packageReferences = (
				6335966B284A2A7000BEF1E5 /* XCRemoteSwiftPackageReference "swift-composable-architecture" */,
			);
			productRefGroup = 63359659284A21A600BEF1E5 /* Products */;
			projectDirPath = "";
			projectRoot = "";
			targets = (
				63359657284A21A600BEF1E5 /* BikeTestProject */,
			);
		};
/* End PBXProject section */

/* Begin PBXResourcesBuildPhase section */
		63359656284A21A600BEF1E5 /* Resources */ = {
			isa = PBXResourcesBuildPhase;
			buildActionMask = 2147483647;
			files = (
				63359663284A21AB00BEF1E5 /* Preview Assets.xcassets in Resources */,
				63359660284A21AB00BEF1E5 /* Assets.xcassets in Resources */,
			);
			runOnlyForDeploymentPostprocessing = 0;
		};
/* End PBXResourcesBuildPhase section */

/* Begin PBXSourcesBuildPhase section */
		63359654284A21A600BEF1E5 /* Sources */ = {
			isa = PBXSourcesBuildPhase;
			buildActionMask = 2147483647;
			files = (
				6335966F284A2F2100BEF1E5 /* NetworkManager.swift in Sources */,
				63C73E0B284A9A460006B8B9 /* Extensions.swift in Sources */,
				6335965E284A21A600BEF1E5 /* StationListView.swift in Sources */,
				63F508C4284A3F930046905B /* StationCore.swift in Sources */,
				6335965C284A21A600BEF1E5 /* BikeTestProjectApp.swift in Sources */,
				63C73E05284A7D2E0006B8B9 /* StationJSONModel.swift in Sources */,
				63C73E09284A802C0006B8B9 /* StationMapView.swift in Sources */,
				63F508C6284A3FA70046905B /* StationView.swift in Sources */,
				6335966A284A28C600BEF1E5 /* StationListCore.swift in Sources */,
			);
			runOnlyForDeploymentPostprocessing = 0;
		};
/* End PBXSourcesBuildPhase section */

/* Begin XCBuildConfiguration section */
		63359664284A21AB00BEF1E5 /* Debug */ = {
			isa = XCBuildConfiguration;
			buildSettings = {
				ALWAYS_SEARCH_USER_PATHS = NO;
				CLANG_ANALYZER_NONNULL = YES;
				CLANG_ANALYZER_NUMBER_OBJECT_CONVERSION = YES_AGGRESSIVE;
				CLANG_CXX_LANGUAGE_STANDARD = "gnu++17";
				CLANG_ENABLE_MODULES = YES;
				CLANG_ENABLE_OBJC_ARC = YES;
				CLANG_ENABLE_OBJC_WEAK = YES;
				CLANG_WARN_BLOCK_CAPTURE_AUTORELEASING = YES;
				CLANG_WARN_BOOL_CONVERSION = YES;
				CLANG_WARN_COMMA = YES;
				CLANG_WARN_CONSTANT_CONVERSION = YES;
				CLANG_WARN_DEPRECATED_OBJC_IMPLEMENTATIONS = YES;
				CLANG_WARN_DIRECT_OBJC_ISA_USAGE = YES_ERROR;
				CLANG_WARN_DOCUMENTATION_COMMENTS = YES;
				CLANG_WARN_EMPTY_BODY = YES;
				CLANG_WARN_ENUM_CONVERSION = YES;
				CLANG_WARN_INFINITE_RECURSION = YES;
				CLANG_WARN_INT_CONVERSION = YES;
				CLANG_WARN_NON_LITERAL_NULL_CONVERSION = YES;
				CLANG_WARN_OBJC_IMPLICIT_RETAIN_SELF = YES;
				CLANG_WARN_OBJC_LITERAL_CONVERSION = YES;
				CLANG_WARN_OBJC_ROOT_CLASS = YES_ERROR;
				CLANG_WARN_QUOTED_INCLUDE_IN_FRAMEWORK_HEADER = YES;
				CLANG_WARN_RANGE_LOOP_ANALYSIS = YES;
				CLANG_WARN_STRICT_PROTOTYPES = YES;
				CLANG_WARN_SUSPICIOUS_MOVE = YES;
				CLANG_WARN_UNGUARDED_AVAILABILITY = YES_AGGRESSIVE;
				CLANG_WARN_UNREACHABLE_CODE = YES;
				CLANG_WARN__DUPLICATE_METHOD_MATCH = YES;
				COPY_PHASE_STRIP = NO;
				DEBUG_INFORMATION_FORMAT = dwarf;
				ENABLE_STRICT_OBJC_MSGSEND = YES;
				ENABLE_TESTABILITY = YES;
				GCC_C_LANGUAGE_STANDARD = gnu11;
				GCC_DYNAMIC_NO_PIC = NO;
				GCC_NO_COMMON_BLOCKS = YES;
				GCC_OPTIMIZATION_LEVEL = 0;
				GCC_PREPROCESSOR_DEFINITIONS = (
					"DEBUG=1",
					"$(inherited)",
				);
				GCC_WARN_64_TO_32_BIT_CONVERSION = YES;
				GCC_WARN_ABOUT_RETURN_TYPE = YES_ERROR;
				GCC_WARN_UNDECLARED_SELECTOR = YES;
				GCC_WARN_UNINITIALIZED_AUTOS = YES_AGGRESSIVE;
				GCC_WARN_UNUSED_FUNCTION = YES;
				GCC_WARN_UNUSED_VARIABLE = YES;
				IPHONEOS_DEPLOYMENT_TARGET = 15.4;
				MTL_ENABLE_DEBUG_INFO = INCLUDE_SOURCE;
				MTL_FAST_MATH = YES;
				ONLY_ACTIVE_ARCH = YES;
				SDKROOT = iphoneos;
				SWIFT_ACTIVE_COMPILATION_CONDITIONS = DEBUG;
				SWIFT_OPTIMIZATION_LEVEL = "-Onone";
			};
			name = Debug;
		};
		63359665284A21AB00BEF1E5 /* Release */ = {
			isa = XCBuildConfiguration;
			buildSettings = {
				ALWAYS_SEARCH_USER_PATHS = NO;
				CLANG_ANALYZER_NONNULL = YES;
				CLANG_ANALYZER_NUMBER_OBJECT_CONVERSION = YES_AGGRESSIVE;
				CLANG_CXX_LANGUAGE_STANDARD = "gnu++17";
				CLANG_ENABLE_MODULES = YES;
				CLANG_ENABLE_OBJC_ARC = YES;
				CLANG_ENABLE_OBJC_WEAK = YES;
				CLANG_WARN_BLOCK_CAPTURE_AUTORELEASING = YES;
				CLANG_WARN_BOOL_CONVERSION = YES;
				CLANG_WARN_COMMA = YES;
				CLANG_WARN_CONSTANT_CONVERSION = YES;
				CLANG_WARN_DEPRECATED_OBJC_IMPLEMENTATIONS = YES;
				CLANG_WARN_DIRECT_OBJC_ISA_USAGE = YES_ERROR;
				CLANG_WARN_DOCUMENTATION_COMMENTS = YES;
				CLANG_WARN_EMPTY_BODY = YES;
				CLANG_WARN_ENUM_CONVERSION = YES;
				CLANG_WARN_INFINITE_RECURSION = YES;
				CLANG_WARN_INT_CONVERSION = YES;
				CLANG_WARN_NON_LITERAL_NULL_CONVERSION = YES;
				CLANG_WARN_OBJC_IMPLICIT_RETAIN_SELF = YES;
				CLANG_WARN_OBJC_LITERAL_CONVERSION = YES;
				CLANG_WARN_OBJC_ROOT_CLASS = YES_ERROR;
				CLANG_WARN_QUOTED_INCLUDE_IN_FRAMEWORK_HEADER = YES;
				CLANG_WARN_RANGE_LOOP_ANALYSIS = YES;
				CLANG_WARN_STRICT_PROTOTYPES = YES;
				CLANG_WARN_SUSPICIOUS_MOVE = YES;
				CLANG_WARN_UNGUARDED_AVAILABILITY = YES_AGGRESSIVE;
				CLANG_WARN_UNREACHABLE_CODE = YES;
				CLANG_WARN__DUPLICATE_METHOD_MATCH = YES;
				COPY_PHASE_STRIP = NO;
				DEBUG_INFORMATION_FORMAT = "dwarf-with-dsym";
				ENABLE_NS_ASSERTIONS = NO;
				ENABLE_STRICT_OBJC_MSGSEND = YES;
				GCC_C_LANGUAGE_STANDARD = gnu11;
				GCC_NO_COMMON_BLOCKS = YES;
				GCC_WARN_64_TO_32_BIT_CONVERSION = YES;
				GCC_WARN_ABOUT_RETURN_TYPE = YES_ERROR;
				GCC_WARN_UNDECLARED_SELECTOR = YES;
				GCC_WARN_UNINITIALIZED_AUTOS = YES_AGGRESSIVE;
				GCC_WARN_UNUSED_FUNCTION = YES;
				GCC_WARN_UNUSED_VARIABLE = YES;
				IPHONEOS_DEPLOYMENT_TARGET = 15.4;
				MTL_ENABLE_DEBUG_INFO = NO;
				MTL_FAST_MATH = YES;
				SDKROOT = iphoneos;
				SWIFT_COMPILATION_MODE = wholemodule;
				SWIFT_OPTIMIZATION_LEVEL = "-O";
				VALIDATE_PRODUCT = YES;
			};
			name = Release;
		};
		63359667284A21AB00BEF1E5 /* Debug */ = {
			isa = XCBuildConfiguration;
			buildSettings = {
				ASSETCATALOG_COMPILER_APPICON_NAME = AppIcon;
				ASSETCATALOG_COMPILER_GLOBAL_ACCENT_COLOR_NAME = AccentColor;
				CODE_SIGN_STYLE = Automatic;
				CURRENT_PROJECT_VERSION = 1;
				DEVELOPMENT_ASSET_PATHS = "\"BikeTestProject/Preview Content\"";
				DEVELOPMENT_TEAM = LDWUKS5K42;
				ENABLE_PREVIEWS = YES;
				GENERATE_INFOPLIST_FILE = YES;
				INFOPLIST_KEY_UIApplicationSceneManifest_Generation = YES;
				INFOPLIST_KEY_UIApplicationSupportsIndirectInputEvents = YES;
				INFOPLIST_KEY_UILaunchScreen_Generation = YES;
				INFOPLIST_KEY_UISupportedInterfaceOrientations_iPad = "UIInterfaceOrientationPortrait UIInterfaceOrientationPortraitUpsideDown UIInterfaceOrientationLandscapeLeft UIInterfaceOrientationLandscapeRight";
				INFOPLIST_KEY_UISupportedInterfaceOrientations_iPhone = "UIInterfaceOrientationPortrait UIInterfaceOrientationLandscapeLeft UIInterfaceOrientationLandscapeRight";
				LD_RUNPATH_SEARCH_PATHS = (
					"$(inherited)",
					"@executable_path/Frameworks",
				);
				MARKETING_VERSION = 1.0;
				PRODUCT_BUNDLE_IDENTIFIER = swiftUIproject.BikeTestProject;
				PRODUCT_NAME = "$(TARGET_NAME)";
				SWIFT_EMIT_LOC_STRINGS = YES;
				SWIFT_VERSION = 5.0;
				TARGETED_DEVICE_FAMILY = "1,2";
			};
			name = Debug;
		};
		63359668284A21AB00BEF1E5 /* Release */ = {
			isa = XCBuildConfiguration;
			buildSettings = {
				ASSETCATALOG_COMPILER_APPICON_NAME = AppIcon;
				ASSETCATALOG_COMPILER_GLOBAL_ACCENT_COLOR_NAME = AccentColor;
				CODE_SIGN_STYLE = Automatic;
				CURRENT_PROJECT_VERSION = 1;
				DEVELOPMENT_ASSET_PATHS = "\"BikeTestProject/Preview Content\"";
				DEVELOPMENT_TEAM = LDWUKS5K42;
				ENABLE_PREVIEWS = YES;
				GENERATE_INFOPLIST_FILE = YES;
				INFOPLIST_KEY_UIApplicationSceneManifest_Generation = YES;
				INFOPLIST_KEY_UIApplicationSupportsIndirectInputEvents = YES;
				INFOPLIST_KEY_UILaunchScreen_Generation = YES;
				INFOPLIST_KEY_UISupportedInterfaceOrientations_iPad = "UIInterfaceOrientationPortrait UIInterfaceOrientationPortraitUpsideDown UIInterfaceOrientationLandscapeLeft UIInterfaceOrientationLandscapeRight";
				INFOPLIST_KEY_UISupportedInterfaceOrientations_iPhone = "UIInterfaceOrientationPortrait UIInterfaceOrientationLandscapeLeft UIInterfaceOrientationLandscapeRight";
				LD_RUNPATH_SEARCH_PATHS = (
					"$(inherited)",
					"@executable_path/Frameworks",
				);
				MARKETING_VERSION = 1.0;
				PRODUCT_BUNDLE_IDENTIFIER = swiftUIproject.BikeTestProject;
				PRODUCT_NAME = "$(TARGET_NAME)";
				SWIFT_EMIT_LOC_STRINGS = YES;
				SWIFT_VERSION = 5.0;
				TARGETED_DEVICE_FAMILY = "1,2";
			};
			name = Release;
		};
/* End XCBuildConfiguration section */

/* Begin XCConfigurationList section */
		63359653284A21A600BEF1E5 /* Build configuration list for PBXProject "BikeTestProject" */ = {
			isa = XCConfigurationList;
			buildConfigurations = (
				63359664284A21AB00BEF1E5 /* Debug */,
				63359665284A21AB00BEF1E5 /* Release */,
			);
			defaultConfigurationIsVisible = 0;
			defaultConfigurationName = Release;
		};
		63359666284A21AB00BEF1E5 /* Build configuration list for PBXNativeTarget "BikeTestProject" */ = {
			isa = XCConfigurationList;
			buildConfigurations = (
				63359667284A21AB00BEF1E5 /* Debug */,
				63359668284A21AB00BEF1E5 /* Release */,
			);
			defaultConfigurationIsVisible = 0;
			defaultConfigurationName = Release;
		};
/* End XCConfigurationList section */

/* Begin XCRemoteSwiftPackageReference section */
		6335966B284A2A7000BEF1E5 /* XCRemoteSwiftPackageReference "swift-composable-architecture" */ = {
			isa = XCRemoteSwiftPackageReference;
			repositoryURL = "https://github.com/pointfreeco/swift-composable-architecture";
			requirement = {
				branch = main;
				kind = branch;
			};
		};
/* End XCRemoteSwiftPackageReference section */

/* Begin XCSwiftPackageProductDependency section */
		6335966C284A2A7000BEF1E5 /* ComposableArchitecture */ = {
			isa = XCSwiftPackageProductDependency;
			package = 6335966B284A2A7000BEF1E5 /* XCRemoteSwiftPackageReference "swift-composable-architecture" */;
			productName = ComposableArchitecture;
		};
/* End XCSwiftPackageProductDependency section */
	};
	rootObject = 63359650284A21A600BEF1E5 /* Project object */;
}
